
Microsoft Visual Studio Solution File, Format Version 12.00
# Visual Studio Version 17
VisualStudioVersion = 17.14.36401.2
MinimumVisualStudioVersion = 10.0.40219.1
Project("{2150E333-8FDC-42A3-9474-1A3956D46DE8}") = "docs", "docs", "{02EA681E-C7D8-13C7-8484-4AC65E1B71E8}"
	ProjectSection(SolutionItems) = preProject
		..\..\..\آموزش مهارت\برنامه نویسی\آموزش پیشرفته Asp.Net Core + پروژه عملی طراحی نرم افزار کدیاد\آموزش پیشرفته Asp.Net Core @Dragon_Learn\SubDomains.drawio = ..\..\..\آموزش مهارت\برنامه نویسی\آموزش پیشرفته Asp.Net Core + پروژه عملی طراحی نرم افزار کدیاد\آموزش پیشرفته Asp.Net Core @Dragon_Learn\SubDomains.drawio
	EndProjectSection
EndProject
Project("{2150E333-8FDC-42A3-9474-1A3956D46DE8}") = "src", "src", "{D721E509-A8EA-4156-ABDA-5D9740635039}"
EndProject
Project("{2150E333-8FDC-42A3-9474-1A3956D46DE8}") = "Common", "Common", "{DEE43A5D-5EC8-4123-B321-3A3C232A9CAE}"
EndProject
Project("{2150E333-8FDC-42A3-9474-1A3956D46DE8}") = "EndPoints", "EndPoints", "{8E0849EC-5D50-43C8-8282-D85AB6A3E4AD}"
EndProject
Project("{2150E333-8FDC-42A3-9474-1A3956D46DE8}") = "Modules", "Modules", "{ABFAB972-6549-433D-AA92-D4D3FD40EB99}"
EndProject
Project("{2150E333-8FDC-42A3-9474-1A3956D46DE8}") = "Blog", "Blog", "{BC8996DF-ED25-4FFB-BBA9-8966DD400E9D}"
EndProject
Project("{FAE04EC0-301F-11D3-BF4B-00C04F79EFBC}") = "BlogModules", "src\Modules\Blog\BlogModules\BlogModules.csproj", "{17978296-5085-487B-B441-09C72015BC1F}"
EndProject
Project("{FAE04EC0-301F-11D3-BF4B-00C04F79EFBC}") = "Common.Domain", "src\Common\Common.Domain\Common.Domain.csproj", "{49DF2D48-7E37-4F0A-9F10-70BFED38CF08}"
EndProject
Project("{FAE04EC0-301F-11D3-BF4B-00C04F79EFBC}") = "Common.Application", "src\Common\Common.Application\Common.Application.csproj", "{9A422D22-E0C3-49E3-A299-3D0E378CB465}"
EndProject
Project("{FAE04EC0-301F-11D3-BF4B-00C04F79EFBC}") = "Common.Infrastucture", "src\Common\Common.Infrastucture\Common.Infrastucture.csproj", "{55744704-692B-4CE3-BF68-1DA6635046A1}"
EndProject
Project("{2150E333-8FDC-42A3-9474-1A3956D46DE8}") = "Ticket", "Ticket", "{58D25A42-67D9-4178-9CC9-50403B03E22D}"
EndProject
Project("{FAE04EC0-301F-11D3-BF4B-00C04F79EFBC}") = "TIcketModules", "src\Modules\Ticket\TIcket.Module\TIcketModules.csproj", "{67AE1CC9-58A0-456C-8604-E2E6B209BEF6}"
EndProject
Project("{2150E333-8FDC-42A3-9474-1A3956D46DE8}") = "User", "User", "{1929FC5D-4203-4876-87AD-EC032685E7C0}"
EndProject
Project("{FAE04EC0-301F-11D3-BF4B-00C04F79EFBC}") = "UserModules.Data", "src\Modules\User\UserModules.Data\UserModules.Data.csproj", "{668911A9-FB8C-4FF5-B906-833BA8A32E7F}"
EndProject
Project("{FAE04EC0-301F-11D3-BF4B-00C04F79EFBC}") = "UserModules.Core", "src\Modules\User\UserModules.Core\UserModules.Core.csproj", "{3A9A34A9-E22A-4672-8D13-95AB15EEA730}"
EndProject
Project("{FAE04EC0-301F-11D3-BF4B-00C04F79EFBC}") = "Common.Query", "src\Common\Common.Query\Common.Query.csproj", "{3A1A3828-DADF-4E9F-A8F2-412D855F7993}"
EndProject
Project("{FAE04EC0-301F-11D3-BF4B-00C04F79EFBC}") = "DigiLearn.Web", "src\EndPoints\DigiLearn.Web\DigiLearn.Web.csproj", "{4A6E5CBF-1C68-47AC-9A41-AEDE2368738A}"
EndProject
Project("{2150E333-8FDC-42A3-9474-1A3956D46DE8}") = "Core", "Core", "{240CB332-BC4B-4957-98C9-AB760F332A7E}"
EndProject
Project("{FAE04EC0-301F-11D3-BF4B-00C04F79EFBC}") = "CoreModule.Domain", "src\Modules\Core\CoreModule.Domain\CoreModule.Domain.csproj", "{24736CA2-B3B2-400F-B879-F57494BBBF88}"
EndProject
Project("{FAE04EC0-301F-11D3-BF4B-00C04F79EFBC}") = "CoreModule.Application", "src\Modules\Core\CoreModule.Application\CoreModule.Application.csproj", "{E4849935-58D4-4460-8BF4-6D77252DC771}"
EndProject
Project("{FAE04EC0-301F-11D3-BF4B-00C04F79EFBC}") = "CoreModule.Query", "src\Modules\Core\CoreModule.Query\CoreModule.Query.csproj", "{97A53B1A-AEFB-4BF4-9AB6-22EE1081FEAE}"
EndProject
Project("{FAE04EC0-301F-11D3-BF4B-00C04F79EFBC}") = "CoreModule.Infrastucture", "src\Modules\Core\CoreModule.Infrastucture\CoreModule.Infrastucture.csproj", "{119FA8E8-A571-477B-A578-610253BB39C1}"
EndProject
Global
	GlobalSection(SolutionConfigurationPlatforms) = preSolution
		Debug|Any CPU = Debug|Any CPU
		Release|Any CPU = Release|Any CPU
	EndGlobalSection
	GlobalSection(ProjectConfigurationPlatforms) = postSolution
		{17978296-5085-487B-B441-09C72015BC1F}.Debug|Any CPU.ActiveCfg = Debug|Any CPU
		{17978296-5085-487B-B441-09C72015BC1F}.Debug|Any CPU.Build.0 = Debug|Any CPU
		{17978296-5085-487B-B441-09C72015BC1F}.Release|Any CPU.ActiveCfg = Release|Any CPU
		{17978296-5085-487B-B441-09C72015BC1F}.Release|Any CPU.Build.0 = Release|Any CPU
		{49DF2D48-7E37-4F0A-9F10-70BFED38CF08}.Debug|Any CPU.ActiveCfg = Debug|Any CPU
		{49DF2D48-7E37-4F0A-9F10-70BFED38CF08}.Debug|Any CPU.Build.0 = Debug|Any CPU
		{49DF2D48-7E37-4F0A-9F10-70BFED38CF08}.Release|Any CPU.ActiveCfg = Release|Any CPU
		{49DF2D48-7E37-4F0A-9F10-70BFED38CF08}.Release|Any CPU.Build.0 = Release|Any CPU
		{9A422D22-E0C3-49E3-A299-3D0E378CB465}.Debug|Any CPU.ActiveCfg = Debug|Any CPU
		{9A422D22-E0C3-49E3-A299-3D0E378CB465}.Debug|Any CPU.Build.0 = Debug|Any CPU
		{9A422D22-E0C3-49E3-A299-3D0E378CB465}.Release|Any CPU.ActiveCfg = Release|Any CPU
		{9A422D22-E0C3-49E3-A299-3D0E378CB465}.Release|Any CPU.Build.0 = Release|Any CPU
		{55744704-692B-4CE3-BF68-1DA6635046A1}.Debug|Any CPU.ActiveCfg = Debug|Any CPU
		{55744704-692B-4CE3-BF68-1DA6635046A1}.Debug|Any CPU.Build.0 = Debug|Any CPU
		{55744704-692B-4CE3-BF68-1DA6635046A1}.Release|Any CPU.ActiveCfg = Release|Any CPU
		{55744704-692B-4CE3-BF68-1DA6635046A1}.Release|Any CPU.Build.0 = Release|Any CPU
		{67AE1CC9-58A0-456C-8604-E2E6B209BEF6}.Debug|Any CPU.ActiveCfg = Debug|Any CPU
		{67AE1CC9-58A0-456C-8604-E2E6B209BEF6}.Debug|Any CPU.Build.0 = Debug|Any CPU
		{67AE1CC9-58A0-456C-8604-E2E6B209BEF6}.Release|Any CPU.ActiveCfg = Release|Any CPU
		{67AE1CC9-58A0-456C-8604-E2E6B209BEF6}.Release|Any CPU.Build.0 = Release|Any CPU
		{668911A9-FB8C-4FF5-B906-833BA8A32E7F}.Debug|Any CPU.ActiveCfg = Debug|Any CPU
		{668911A9-FB8C-4FF5-B906-833BA8A32E7F}.Debug|Any CPU.Build.0 = Debug|Any CPU
		{668911A9-FB8C-4FF5-B906-833BA8A32E7F}.Release|Any CPU.ActiveCfg = Release|Any CPU
		{668911A9-FB8C-4FF5-B906-833BA8A32E7F}.Release|Any CPU.Build.0 = Release|Any CPU
		{3A9A34A9-E22A-4672-8D13-95AB15EEA730}.Debug|Any CPU.ActiveCfg = Debug|Any CPU
		{3A9A34A9-E22A-4672-8D13-95AB15EEA730}.Debug|Any CPU.Build.0 = Debug|Any CPU
		{3A9A34A9-E22A-4672-8D13-95AB15EEA730}.Release|Any CPU.ActiveCfg = Release|Any CPU
		{3A9A34A9-E22A-4672-8D13-95AB15EEA730}.Release|Any CPU.Build.0 = Release|Any CPU
		{3A1A3828-DADF-4E9F-A8F2-412D855F7993}.Debug|Any CPU.ActiveCfg = Debug|Any CPU
		{3A1A3828-DADF-4E9F-A8F2-412D855F7993}.Debug|Any CPU.Build.0 = Debug|Any CPU
		{3A1A3828-DADF-4E9F-A8F2-412D855F7993}.Release|Any CPU.ActiveCfg = Release|Any CPU
		{3A1A3828-DADF-4E9F-A8F2-412D855F7993}.Release|Any CPU.Build.0 = Release|Any CPU
		{4A6E5CBF-1C68-47AC-9A41-AEDE2368738A}.Debug|Any CPU.ActiveCfg = Debug|Any CPU
		{4A6E5CBF-1C68-47AC-9A41-AEDE2368738A}.Debug|Any CPU.Build.0 = Debug|Any CPU
		{4A6E5CBF-1C68-47AC-9A41-AEDE2368738A}.Release|Any CPU.ActiveCfg = Release|Any CPU
		{4A6E5CBF-1C68-47AC-9A41-AEDE2368738A}.Release|Any CPU.Build.0 = Release|Any CPU
		{24736CA2-B3B2-400F-B879-F57494BBBF88}.Debug|Any CPU.ActiveCfg = Debug|Any CPU
		{24736CA2-B3B2-400F-B879-F57494BBBF88}.Debug|Any CPU.Build.0 = Debug|Any CPU
		{24736CA2-B3B2-400F-B879-F57494BBBF88}.Release|Any CPU.ActiveCfg = Release|Any CPU
		{24736CA2-B3B2-400F-B879-F57494BBBF88}.Release|Any CPU.Build.0 = Release|Any CPU
		{E4849935-58D4-4460-8BF4-6D77252DC771}.Debug|Any CPU.ActiveCfg = Debug|Any CPU
		{E4849935-58D4-4460-8BF4-6D77252DC771}.Debug|Any CPU.Build.0 = Debug|Any CPU
		{E4849935-58D4-4460-8BF4-6D77252DC771}.Release|Any CPU.ActiveCfg = Release|Any CPU
		{E4849935-58D4-4460-8BF4-6D77252DC771}.Release|Any CPU.Build.0 = Release|Any CPU
		{97A53B1A-AEFB-4BF4-9AB6-22EE1081FEAE}.Debug|Any CPU.ActiveCfg = Debug|Any CPU
		{97A53B1A-AEFB-4BF4-9AB6-22EE1081FEAE}.Debug|Any CPU.Build.0 = Debug|Any CPU
		{97A53B1A-AEFB-4BF4-9AB6-22EE1081FEAE}.Release|Any CPU.ActiveCfg = Release|Any CPU
		{97A53B1A-AEFB-4BF4-9AB6-22EE1081FEAE}.Release|Any CPU.Build.0 = Release|Any CPU
		{119FA8E8-A571-477B-A578-610253BB39C1}.Debug|Any CPU.ActiveCfg = Debug|Any CPU
		{119FA8E8-A571-477B-A578-610253BB39C1}.Debug|Any CPU.Build.0 = Debug|Any CPU
		{119FA8E8-A571-477B-A578-610253BB39C1}.Release|Any CPU.ActiveCfg = Release|Any CPU
		{119FA8E8-A571-477B-A578-610253BB39C1}.Release|Any CPU.Build.0 = Release|Any CPU
	EndGlobalSection
	GlobalSection(SolutionProperties) = preSolution
		HideSolutionNode = FALSE
	EndGlobalSection
	GlobalSection(NestedProjects) = preSolution
		{DEE43A5D-5EC8-4123-B321-3A3C232A9CAE} = {D721E509-A8EA-4156-ABDA-5D9740635039}
		{8E0849EC-5D50-43C8-8282-D85AB6A3E4AD} = {D721E509-A8EA-4156-ABDA-5D9740635039}
		{ABFAB972-6549-433D-AA92-D4D3FD40EB99} = {D721E509-A8EA-4156-ABDA-5D9740635039}
		{BC8996DF-ED25-4FFB-BBA9-8966DD400E9D} = {ABFAB972-6549-433D-AA92-D4D3FD40EB99}
		{17978296-5085-487B-B441-09C72015BC1F} = {BC8996DF-ED25-4FFB-BBA9-8966DD400E9D}
		{49DF2D48-7E37-4F0A-9F10-70BFED38CF08} = {DEE43A5D-5EC8-4123-B321-3A3C232A9CAE}
		{9A422D22-E0C3-49E3-A299-3D0E378CB465} = {DEE43A5D-5EC8-4123-B321-3A3C232A9CAE}
		{55744704-692B-4CE3-BF68-1DA6635046A1} = {DEE43A5D-5EC8-4123-B321-3A3C232A9CAE}
		{58D25A42-67D9-4178-9CC9-50403B03E22D} = {ABFAB972-6549-433D-AA92-D4D3FD40EB99}
		{67AE1CC9-58A0-456C-8604-E2E6B209BEF6} = {58D25A42-67D9-4178-9CC9-50403B03E22D}
		{1929FC5D-4203-4876-87AD-EC032685E7C0} = {ABFAB972-6549-433D-AA92-D4D3FD40EB99}
		{668911A9-FB8C-4FF5-B906-833BA8A32E7F} = {1929FC5D-4203-4876-87AD-EC032685E7C0}
		{3A9A34A9-E22A-4672-8D13-95AB15EEA730} = {1929FC5D-4203-4876-87AD-EC032685E7C0}
		{3A1A3828-DADF-4E9F-A8F2-412D855F7993} = {DEE43A5D-5EC8-4123-B321-3A3C232A9CAE}
		{4A6E5CBF-1C68-47AC-9A41-AEDE2368738A} = {8E0849EC-5D50-43C8-8282-D85AB6A3E4AD}
		{240CB332-BC4B-4957-98C9-AB760F332A7E} = {ABFAB972-6549-433D-AA92-D4D3FD40EB99}
		{24736CA2-B3B2-400F-B879-F57494BBBF88} = {240CB332-BC4B-4957-98C9-AB760F332A7E}
		{E4849935-58D4-4460-8BF4-6D77252DC771} = {240CB332-BC4B-4957-98C9-AB760F332A7E}
		{97A53B1A-AEFB-4BF4-9AB6-22EE1081FEAE} = {240CB332-BC4B-4957-98C9-AB760F332A7E}
		{119FA8E8-A571-477B-A578-610253BB39C1} = {240CB332-BC4B-4957-98C9-AB760F332A7E}
	EndGlobalSection
	GlobalSection(ExtensibilityGlobals) = postSolution
		SolutionGuid = {A5E055AB-8E23-4E1F-BB83-698DB3C84F05}
	EndGlobalSection
EndGlobal
